// !$*UTF8*$!
{
	archiveVersion = 1;
	classes = {
	};
	objectVersion = 56;
	objects = {

/* Begin PBXBuildFile section */
		013779442AB449B20055733F /* InsetTextField.swift in Sources */ = {isa = PBXBuildFile; fileRef = 013779432AB449B20055733F /* InsetTextField.swift */; };
		013779462AB449C90055733F /* UIColor+Extension.swift in Sources */ = {isa = PBXBuildFile; fileRef = 013779452AB449C90055733F /* UIColor+Extension.swift */; };
		013779482AB449E30055733F /* UITextField+Extension.swift in Sources */ = {isa = PBXBuildFile; fileRef = 013779472AB449E30055733F /* UITextField+Extension.swift */; };
		0137794A2AB5AEE00055733F /* SurveySexViewController.swift in Sources */ = {isa = PBXBuildFile; fileRef = 013779492AB5AEE00055733F /* SurveySexViewController.swift */; };
		019FCA512AB81A2C000239E5 /* SurveyTopColorViewController.swift in Sources */ = {isa = PBXBuildFile; fileRef = 019FCA502AB81A2C000239E5 /* SurveyTopColorViewController.swift */; };
		019FCA532AB83769000239E5 /* SurveyPlaceViewController.swift in Sources */ = {isa = PBXBuildFile; fileRef = 019FCA522AB83769000239E5 /* SurveyPlaceViewController.swift */; };
		019FCA552AB838EF000239E5 /* LearningViewController.swift in Sources */ = {isa = PBXBuildFile; fileRef = 019FCA542AB838EF000239E5 /* LearningViewController.swift */; };
		019FCA572AB844BE000239E5 /* SegmentViewController.swift in Sources */ = {isa = PBXBuildFile; fileRef = 019FCA562AB844BE000239E5 /* SegmentViewController.swift */; };
		019FCA592AB864D3000239E5 /* AvatarViewController.swift in Sources */ = {isa = PBXBuildFile; fileRef = 019FCA582AB864D3000239E5 /* AvatarViewController.swift */; };
		019FCA5B2AB864EE000239E5 /* SegmentClothViewController.swift in Sources */ = {isa = PBXBuildFile; fileRef = 019FCA5A2AB864EE000239E5 /* SegmentClothViewController.swift */; };
		019FCA5D2AB8651C000239E5 /* MoreAvartarViewController.swift in Sources */ = {isa = PBXBuildFile; fileRef = 019FCA5C2AB8651C000239E5 /* MoreAvartarViewController.swift */; };
		019FCA5F2AB86672000239E5 /* SegmentClothCollectionViewCell.swift in Sources */ = {isa = PBXBuildFile; fileRef = 019FCA5E2AB86672000239E5 /* SegmentClothCollectionViewCell.swift */; };
		019FCA612AB87613000239E5 /* SimilarClothViewController.swift in Sources */ = {isa = PBXBuildFile; fileRef = 019FCA602AB87613000239E5 /* SimilarClothViewController.swift */; };
		019FCA632AB8765C000239E5 /* SimilarClothCollectionViewCell.swift in Sources */ = {isa = PBXBuildFile; fileRef = 019FCA622AB8765C000239E5 /* SimilarClothCollectionViewCell.swift */; };
		019FCA652AB879A5000239E5 /* APIContants.swift in Sources */ = {isa = PBXBuildFile; fileRef = 019FCA642AB879A5000239E5 /* APIContants.swift */; };
		019FCA682AB879F9000239E5 /* Alamofire in Frameworks */ = {isa = PBXBuildFile; productRef = 019FCA672AB879F9000239E5 /* Alamofire */; };
		019FCA6A2AB87A29000239E5 /* SurveyResultService.swift in Sources */ = {isa = PBXBuildFile; fileRef = 019FCA692AB87A29000239E5 /* SurveyResultService.swift */; };
		019FCA6C2AB87A4F000239E5 /* NetworkResult.swift in Sources */ = {isa = PBXBuildFile; fileRef = 019FCA6B2AB87A4F000239E5 /* NetworkResult.swift */; };
		019FCA6E2AB87A7B000239E5 /* SurveyResultModel.swift in Sources */ = {isa = PBXBuildFile; fileRef = 019FCA6D2AB87A7B000239E5 /* SurveyResultModel.swift */; };
		019FCA742AB8844F000239E5 /* DetailClothViewController.swift in Sources */ = {isa = PBXBuildFile; fileRef = 019FCA732AB8844F000239E5 /* DetailClothViewController.swift */; };
		019FCA762ABB25EE000239E5 /* SurveyPantsColorViewController.swift in Sources */ = {isa = PBXBuildFile; fileRef = 019FCA752ABB25EE000239E5 /* SurveyPantsColorViewController.swift */; };
		01AA9A102AA05B1200FB8355 /* AppDelegate.swift in Sources */ = {isa = PBXBuildFile; fileRef = 01AA9A0F2AA05B1200FB8355 /* AppDelegate.swift */; };
		01AA9A122AA05B1200FB8355 /* SceneDelegate.swift in Sources */ = {isa = PBXBuildFile; fileRef = 01AA9A112AA05B1200FB8355 /* SceneDelegate.swift */; };
		01AA9A142AA05B1200FB8355 /* LoginViewController.swift in Sources */ = {isa = PBXBuildFile; fileRef = 01AA9A132AA05B1200FB8355 /* LoginViewController.swift */; };
		01AA9A192AA05B1400FB8355 /* Assets.xcassets in Resources */ = {isa = PBXBuildFile; fileRef = 01AA9A182AA05B1400FB8355 /* Assets.xcassets */; };
		01AA9A1C2AA05B1400FB8355 /* LaunchScreen.storyboard in Resources */ = {isa = PBXBuildFile; fileRef = 01AA9A1A2AA05B1400FB8355 /* LaunchScreen.storyboard */; };
		01AA9A2C2AA062C400FB8355 /* SnapKit in Frameworks */ = {isa = PBXBuildFile; productRef = 01AA9A2B2AA062C400FB8355 /* SnapKit */; };
		01AA9A2E2AA074DC00FB8355 /* MainViewController.swift in Sources */ = {isa = PBXBuildFile; fileRef = 01AA9A2D2AA074DC00FB8355 /* MainViewController.swift */; };
/* End PBXBuildFile section */

/* Begin PBXFileReference section */
		013779432AB449B20055733F /* InsetTextField.swift */ = {isa = PBXFileReference; lastKnownFileType = sourcecode.swift; path = InsetTextField.swift; sourceTree = "<group>"; };
		013779452AB449C90055733F /* UIColor+Extension.swift */ = {isa = PBXFileReference; lastKnownFileType = sourcecode.swift; path = "UIColor+Extension.swift"; sourceTree = "<group>"; };
		013779472AB449E30055733F /* UITextField+Extension.swift */ = {isa = PBXFileReference; lastKnownFileType = sourcecode.swift; path = "UITextField+Extension.swift"; sourceTree = "<group>"; };
		013779492AB5AEE00055733F /* SurveySexViewController.swift */ = {isa = PBXFileReference; lastKnownFileType = sourcecode.swift; path = SurveySexViewController.swift; sourceTree = "<group>"; };
		019FCA502AB81A2C000239E5 /* SurveyTopColorViewController.swift */ = {isa = PBXFileReference; lastKnownFileType = sourcecode.swift; path = SurveyTopColorViewController.swift; sourceTree = "<group>"; };
		019FCA522AB83769000239E5 /* SurveyPlaceViewController.swift */ = {isa = PBXFileReference; lastKnownFileType = sourcecode.swift; path = SurveyPlaceViewController.swift; sourceTree = "<group>"; };
		019FCA542AB838EF000239E5 /* LearningViewController.swift */ = {isa = PBXFileReference; lastKnownFileType = sourcecode.swift; path = LearningViewController.swift; sourceTree = "<group>"; };
		019FCA562AB844BE000239E5 /* SegmentViewController.swift */ = {isa = PBXFileReference; lastKnownFileType = sourcecode.swift; path = SegmentViewController.swift; sourceTree = "<group>"; };
		019FCA582AB864D3000239E5 /* AvatarViewController.swift */ = {isa = PBXFileReference; lastKnownFileType = sourcecode.swift; path = AvatarViewController.swift; sourceTree = "<group>"; };
		019FCA5A2AB864EE000239E5 /* SegmentClothViewController.swift */ = {isa = PBXFileReference; lastKnownFileType = sourcecode.swift; path = SegmentClothViewController.swift; sourceTree = "<group>"; };
		019FCA5C2AB8651C000239E5 /* MoreAvartarViewController.swift */ = {isa = PBXFileReference; lastKnownFileType = sourcecode.swift; path = MoreAvartarViewController.swift; sourceTree = "<group>"; };
		019FCA5E2AB86672000239E5 /* SegmentClothCollectionViewCell.swift */ = {isa = PBXFileReference; lastKnownFileType = sourcecode.swift; path = SegmentClothCollectionViewCell.swift; sourceTree = "<group>"; };
		019FCA602AB87613000239E5 /* SimilarClothViewController.swift */ = {isa = PBXFileReference; lastKnownFileType = sourcecode.swift; path = SimilarClothViewController.swift; sourceTree = "<group>"; };
		019FCA622AB8765C000239E5 /* SimilarClothCollectionViewCell.swift */ = {isa = PBXFileReference; lastKnownFileType = sourcecode.swift; path = SimilarClothCollectionViewCell.swift; sourceTree = "<group>"; };
		019FCA642AB879A5000239E5 /* APIContants.swift */ = {isa = PBXFileReference; lastKnownFileType = sourcecode.swift; path = APIContants.swift; sourceTree = "<group>"; };
		019FCA692AB87A29000239E5 /* SurveyResultService.swift */ = {isa = PBXFileReference; lastKnownFileType = sourcecode.swift; path = SurveyResultService.swift; sourceTree = "<group>"; };
		019FCA6B2AB87A4F000239E5 /* NetworkResult.swift */ = {isa = PBXFileReference; lastKnownFileType = sourcecode.swift; path = NetworkResult.swift; sourceTree = "<group>"; };
		019FCA6D2AB87A7B000239E5 /* SurveyResultModel.swift */ = {isa = PBXFileReference; lastKnownFileType = sourcecode.swift; path = SurveyResultModel.swift; sourceTree = "<group>"; };
		019FCA732AB8844F000239E5 /* DetailClothViewController.swift */ = {isa = PBXFileReference; lastKnownFileType = sourcecode.swift; path = DetailClothViewController.swift; sourceTree = "<group>"; };
		019FCA752ABB25EE000239E5 /* SurveyPantsColorViewController.swift */ = {isa = PBXFileReference; lastKnownFileType = sourcecode.swift; path = SurveyPantsColorViewController.swift; sourceTree = "<group>"; };
		01AA9A0C2AA05B1200FB8355 /* ai_closet.app */ = {isa = PBXFileReference; explicitFileType = wrapper.application; includeInIndex = 0; path = ai_closet.app; sourceTree = BUILT_PRODUCTS_DIR; };
		01AA9A0F2AA05B1200FB8355 /* AppDelegate.swift */ = {isa = PBXFileReference; lastKnownFileType = sourcecode.swift; path = AppDelegate.swift; sourceTree = "<group>"; };
		01AA9A112AA05B1200FB8355 /* SceneDelegate.swift */ = {isa = PBXFileReference; lastKnownFileType = sourcecode.swift; path = SceneDelegate.swift; sourceTree = "<group>"; };
		01AA9A132AA05B1200FB8355 /* LoginViewController.swift */ = {isa = PBXFileReference; lastKnownFileType = sourcecode.swift; path = LoginViewController.swift; sourceTree = "<group>"; };
		01AA9A182AA05B1400FB8355 /* Assets.xcassets */ = {isa = PBXFileReference; lastKnownFileType = folder.assetcatalog; path = Assets.xcassets; sourceTree = "<group>"; };
		01AA9A1B2AA05B1400FB8355 /* Base */ = {isa = PBXFileReference; lastKnownFileType = file.storyboard; name = Base; path = Base.lproj/LaunchScreen.storyboard; sourceTree = "<group>"; };
		01AA9A1D2AA05B1400FB8355 /* Info.plist */ = {isa = PBXFileReference; lastKnownFileType = text.plist.xml; path = Info.plist; sourceTree = "<group>"; };
		01AA9A2D2AA074DC00FB8355 /* MainViewController.swift */ = {isa = PBXFileReference; lastKnownFileType = sourcecode.swift; path = MainViewController.swift; sourceTree = "<group>"; };
/* End PBXFileReference section */

/* Begin PBXFrameworksBuildPhase section */
		01AA9A092AA05B1200FB8355 /* Frameworks */ = {
			isa = PBXFrameworksBuildPhase;
			buildActionMask = 2147483647;
			files = (
				01AA9A2C2AA062C400FB8355 /* SnapKit in Frameworks */,
				019FCA682AB879F9000239E5 /* Alamofire in Frameworks */,
			);
			runOnlyForDeploymentPostprocessing = 0;
		};
/* End PBXFrameworksBuildPhase section */

/* Begin PBXGroup section */
		019FCA6F2AB882DF000239E5 /* Services */ = {
			isa = PBXGroup;
			children = (
				019FCA692AB87A29000239E5 /* SurveyResultService.swift */,
			);
			path = Services;
			sourceTree = "<group>";
		};
		019FCA702AB882FA000239E5 /* Models */ = {
			isa = PBXGroup;
			children = (
				019FCA6D2AB87A7B000239E5 /* SurveyResultModel.swift */,
			);
			path = Models;
			sourceTree = "<group>";
		};
		019FCA712AB8832B000239E5 /* VCs */ = {
			isa = PBXGroup;
			children = (
				01AA9A132AA05B1200FB8355 /* LoginViewController.swift */,
				01AA9A2D2AA074DC00FB8355 /* MainViewController.swift */,
				013779492AB5AEE00055733F /* SurveySexViewController.swift */,
				019FCA502AB81A2C000239E5 /* SurveyTopColorViewController.swift */,
				019FCA752ABB25EE000239E5 /* SurveyPantsColorViewController.swift */,
				019FCA522AB83769000239E5 /* SurveyPlaceViewController.swift */,
				019FCA542AB838EF000239E5 /* LearningViewController.swift */,
				019FCA562AB844BE000239E5 /* SegmentViewController.swift */,
				019FCA582AB864D3000239E5 /* AvatarViewController.swift */,
				019FCA5A2AB864EE000239E5 /* SegmentClothViewController.swift */,
				019FCA602AB87613000239E5 /* SimilarClothViewController.swift */,
				019FCA732AB8844F000239E5 /* DetailClothViewController.swift */,
				019FCA5C2AB8651C000239E5 /* MoreAvartarViewController.swift */,
			);
			path = VCs;
			sourceTree = "<group>";
		};
		019FCA722AB88345000239E5 /* Cells */ = {
			isa = PBXGroup;
			children = (
				019FCA622AB8765C000239E5 /* SimilarClothCollectionViewCell.swift */,
				019FCA5E2AB86672000239E5 /* SegmentClothCollectionViewCell.swift */,
			);
			path = Cells;
			sourceTree = "<group>";
		};
		01AA9A032AA05B1200FB8355 = {
			isa = PBXGroup;
			children = (
				01AA9A0E2AA05B1200FB8355 /* ai_closet */,
				01AA9A0D2AA05B1200FB8355 /* Products */,
			);
			sourceTree = "<group>";
		};
		01AA9A0D2AA05B1200FB8355 /* Products */ = {
			isa = PBXGroup;
			children = (
				01AA9A0C2AA05B1200FB8355 /* ai_closet.app */,
			);
			name = Products;
			sourceTree = "<group>";
		};
		01AA9A0E2AA05B1200FB8355 /* ai_closet */ = {
			isa = PBXGroup;
			children = (
				019FCA722AB88345000239E5 /* Cells */,
				019FCA712AB8832B000239E5 /* VCs */,
				019FCA702AB882FA000239E5 /* Models */,
				019FCA6F2AB882DF000239E5 /* Services */,
				01AA9A0F2AA05B1200FB8355 /* AppDelegate.swift */,
				01AA9A112AA05B1200FB8355 /* SceneDelegate.swift */,
				01AA9A182AA05B1400FB8355 /* Assets.xcassets */,
				01AA9A1A2AA05B1400FB8355 /* LaunchScreen.storyboard */,
				01AA9A1D2AA05B1400FB8355 /* Info.plist */,
				013779432AB449B20055733F /* InsetTextField.swift */,
				013779452AB449C90055733F /* UIColor+Extension.swift */,
				013779472AB449E30055733F /* UITextField+Extension.swift */,
				019FCA642AB879A5000239E5 /* APIContants.swift */,
				019FCA6B2AB87A4F000239E5 /* NetworkResult.swift */,
			);
			path = ai_closet;
			sourceTree = "<group>";
		};
/* End PBXGroup section */

/* Begin PBXNativeTarget section */
		01AA9A0B2AA05B1200FB8355 /* ai_closet */ = {
			isa = PBXNativeTarget;
			buildConfigurationList = 01AA9A202AA05B1400FB8355 /* Build configuration list for PBXNativeTarget "ai_closet" */;
			buildPhases = (
				01AA9A082AA05B1200FB8355 /* Sources */,
				01AA9A092AA05B1200FB8355 /* Frameworks */,
				01AA9A0A2AA05B1200FB8355 /* Resources */,
			);
			buildRules = (
			);
			dependencies = (
			);
			name = ai_closet;
			packageProductDependencies = (
				01AA9A2B2AA062C400FB8355 /* SnapKit */,
				019FCA672AB879F9000239E5 /* Alamofire */,
			);
			productName = ai_closet;
			productReference = 01AA9A0C2AA05B1200FB8355 /* ai_closet.app */;
			productType = "com.apple.product-type.application";
		};
/* End PBXNativeTarget section */

/* Begin PBXProject section */
		01AA9A042AA05B1200FB8355 /* Project object */ = {
			isa = PBXProject;
			attributes = {
				BuildIndependentTargetsInParallel = 1;
				LastSwiftUpdateCheck = 1430;
				LastUpgradeCheck = 1430;
				TargetAttributes = {
					01AA9A0B2AA05B1200FB8355 = {
						CreatedOnToolsVersion = 14.3.1;
					};
				};
			};
			buildConfigurationList = 01AA9A072AA05B1200FB8355 /* Build configuration list for PBXProject "ai_closet" */;
			compatibilityVersion = "Xcode 14.0";
			developmentRegion = en;
			hasScannedForEncodings = 0;
			knownRegions = (
				en,
				Base,
			);
			mainGroup = 01AA9A032AA05B1200FB8355;
			packageReferences = (
				01AA9A2A2AA062C400FB8355 /* XCRemoteSwiftPackageReference "SnapKit" */,
				019FCA662AB879F9000239E5 /* XCRemoteSwiftPackageReference "Alamofire" */,
			);
			productRefGroup = 01AA9A0D2AA05B1200FB8355 /* Products */;
			projectDirPath = "";
			projectRoot = "";
			targets = (
				01AA9A0B2AA05B1200FB8355 /* ai_closet */,
			);
		};
/* End PBXProject section */

/* Begin PBXResourcesBuildPhase section */
		01AA9A0A2AA05B1200FB8355 /* Resources */ = {
			isa = PBXResourcesBuildPhase;
			buildActionMask = 2147483647;
			files = (
				01AA9A1C2AA05B1400FB8355 /* LaunchScreen.storyboard in Resources */,
				01AA9A192AA05B1400FB8355 /* Assets.xcassets in Resources */,
			);
			runOnlyForDeploymentPostprocessing = 0;
		};
/* End PBXResourcesBuildPhase section */

/* Begin PBXSourcesBuildPhase section */
		01AA9A082AA05B1200FB8355 /* Sources */ = {
			isa = PBXSourcesBuildPhase;
			buildActionMask = 2147483647;
			files = (
				019FCA652AB879A5000239E5 /* APIContants.swift in Sources */,
				019FCA5B2AB864EE000239E5 /* SegmentClothViewController.swift in Sources */,
				01AA9A2E2AA074DC00FB8355 /* MainViewController.swift in Sources */,
				019FCA552AB838EF000239E5 /* LearningViewController.swift in Sources */,
				019FCA5F2AB86672000239E5 /* SegmentClothCollectionViewCell.swift in Sources */,
				013779442AB449B20055733F /* InsetTextField.swift in Sources */,
				019FCA6C2AB87A4F000239E5 /* NetworkResult.swift in Sources */,
				019FCA532AB83769000239E5 /* SurveyPlaceViewController.swift in Sources */,
				019FCA612AB87613000239E5 /* SimilarClothViewController.swift in Sources */,
				019FCA572AB844BE000239E5 /* SegmentViewController.swift in Sources */,
				0137794A2AB5AEE00055733F /* SurveySexViewController.swift in Sources */,
				019FCA592AB864D3000239E5 /* AvatarViewController.swift in Sources */,
				019FCA5D2AB8651C000239E5 /* MoreAvartarViewController.swift in Sources */,
				013779482AB449E30055733F /* UITextField+Extension.swift in Sources */,
				019FCA742AB8844F000239E5 /* DetailClothViewController.swift in Sources */,
				019FCA6E2AB87A7B000239E5 /* SurveyResultModel.swift in Sources */,
				01AA9A142AA05B1200FB8355 /* LoginViewController.swift in Sources */,
				019FCA762ABB25EE000239E5 /* SurveyPantsColorViewController.swift in Sources */,
				019FCA632AB8765C000239E5 /* SimilarClothCollectionViewCell.swift in Sources */,
				013779462AB449C90055733F /* UIColor+Extension.swift in Sources */,
				01AA9A102AA05B1200FB8355 /* AppDelegate.swift in Sources */,
				019FCA512AB81A2C000239E5 /* SurveyTopColorViewController.swift in Sources */,
				019FCA6A2AB87A29000239E5 /* SurveyResultService.swift in Sources */,
				01AA9A122AA05B1200FB8355 /* SceneDelegate.swift in Sources */,
			);
			runOnlyForDeploymentPostprocessing = 0;
		};
/* End PBXSourcesBuildPhase section */

/* Begin PBXVariantGroup section */
		01AA9A1A2AA05B1400FB8355 /* LaunchScreen.storyboard */ = {
			isa = PBXVariantGroup;
			children = (
				01AA9A1B2AA05B1400FB8355 /* Base */,
			);
			name = LaunchScreen.storyboard;
			sourceTree = "<group>";
		};
/* End PBXVariantGroup section */

/* Begin XCBuildConfiguration section */
		01AA9A1E2AA05B1400FB8355 /* Debug */ = {
			isa = XCBuildConfiguration;
			buildSettings = {
				ALWAYS_SEARCH_USER_PATHS = NO;
				CLANG_ANALYZER_NONNULL = YES;
				CLANG_ANALYZER_NUMBER_OBJECT_CONVERSION = YES_AGGRESSIVE;
				CLANG_CXX_LANGUAGE_STANDARD = "gnu++20";
				CLANG_ENABLE_MODULES = YES;
				CLANG_ENABLE_OBJC_ARC = YES;
				CLANG_ENABLE_OBJC_WEAK = YES;
				CLANG_WARN_BLOCK_CAPTURE_AUTORELEASING = YES;
				CLANG_WARN_BOOL_CONVERSION = YES;
				CLANG_WARN_COMMA = YES;
				CLANG_WARN_CONSTANT_CONVERSION = YES;
				CLANG_WARN_DEPRECATED_OBJC_IMPLEMENTATIONS = YES;
				CLANG_WARN_DIRECT_OBJC_ISA_USAGE = YES_ERROR;
				CLANG_WARN_DOCUMENTATION_COMMENTS = YES;
				CLANG_WARN_EMPTY_BODY = YES;
				CLANG_WARN_ENUM_CONVERSION = YES;
				CLANG_WARN_INFINITE_RECURSION = YES;
				CLANG_WARN_INT_CONVERSION = YES;
				CLANG_WARN_NON_LITERAL_NULL_CONVERSION = YES;
				CLANG_WARN_OBJC_IMPLICIT_RETAIN_SELF = YES;
				CLANG_WARN_OBJC_LITERAL_CONVERSION = YES;
				CLANG_WARN_OBJC_ROOT_CLASS = YES_ERROR;
				CLANG_WARN_QUOTED_INCLUDE_IN_FRAMEWORK_HEADER = YES;
				CLANG_WARN_RANGE_LOOP_ANALYSIS = YES;
				CLANG_WARN_STRICT_PROTOTYPES = YES;
				CLANG_WARN_SUSPICIOUS_MOVE = YES;
				CLANG_WARN_UNGUARDED_AVAILABILITY = YES_AGGRESSIVE;
				CLANG_WARN_UNREACHABLE_CODE = YES;
				CLANG_WARN__DUPLICATE_METHOD_MATCH = YES;
				COPY_PHASE_STRIP = NO;
				DEBUG_INFORMATION_FORMAT = dwarf;
				ENABLE_STRICT_OBJC_MSGSEND = YES;
				ENABLE_TESTABILITY = YES;
				GCC_C_LANGUAGE_STANDARD = gnu11;
				GCC_DYNAMIC_NO_PIC = NO;
				GCC_NO_COMMON_BLOCKS = YES;
				GCC_OPTIMIZATION_LEVEL = 0;
				GCC_PREPROCESSOR_DEFINITIONS = (
					"DEBUG=1",
					"$(inherited)",
				);
				GCC_WARN_64_TO_32_BIT_CONVERSION = YES;
				GCC_WARN_ABOUT_RETURN_TYPE = YES_ERROR;
				GCC_WARN_UNDECLARED_SELECTOR = YES;
				GCC_WARN_UNINITIALIZED_AUTOS = YES_AGGRESSIVE;
				GCC_WARN_UNUSED_FUNCTION = YES;
				GCC_WARN_UNUSED_VARIABLE = YES;
				IPHONEOS_DEPLOYMENT_TARGET = 16.4;
				MTL_ENABLE_DEBUG_INFO = INCLUDE_SOURCE;
				MTL_FAST_MATH = YES;
				ONLY_ACTIVE_ARCH = YES;
				SDKROOT = iphoneos;
				SWIFT_ACTIVE_COMPILATION_CONDITIONS = DEBUG;
				SWIFT_OPTIMIZATION_LEVEL = "-Onone";
			};
			name = Debug;
		};
		01AA9A1F2AA05B1400FB8355 /* Release */ = {
			isa = XCBuildConfiguration;
			buildSettings = {
				ALWAYS_SEARCH_USER_PATHS = NO;
				CLANG_ANALYZER_NONNULL = YES;
				CLANG_ANALYZER_NUMBER_OBJECT_CONVERSION = YES_AGGRESSIVE;
				CLANG_CXX_LANGUAGE_STANDARD = "gnu++20";
				CLANG_ENABLE_MODULES = YES;
				CLANG_ENABLE_OBJC_ARC = YES;
				CLANG_ENABLE_OBJC_WEAK = YES;
				CLANG_WARN_BLOCK_CAPTURE_AUTORELEASING = YES;
				CLANG_WARN_BOOL_CONVERSION = YES;
				CLANG_WARN_COMMA = YES;
				CLANG_WARN_CONSTANT_CONVERSION = YES;
				CLANG_WARN_DEPRECATED_OBJC_IMPLEMENTATIONS = YES;
				CLANG_WARN_DIRECT_OBJC_ISA_USAGE = YES_ERROR;
				CLANG_WARN_DOCUMENTATION_COMMENTS = YES;
				CLANG_WARN_EMPTY_BODY = YES;
				CLANG_WARN_ENUM_CONVERSION = YES;
				CLANG_WARN_INFINITE_RECURSION = YES;
				CLANG_WARN_INT_CONVERSION = YES;
				CLANG_WARN_NON_LITERAL_NULL_CONVERSION = YES;
				CLANG_WARN_OBJC_IMPLICIT_RETAIN_SELF = YES;
				CLANG_WARN_OBJC_LITERAL_CONVERSION = YES;
				CLANG_WARN_OBJC_ROOT_CLASS = YES_ERROR;
				CLANG_WARN_QUOTED_INCLUDE_IN_FRAMEWORK_HEADER = YES;
				CLANG_WARN_RANGE_LOOP_ANALYSIS = YES;
				CLANG_WARN_STRICT_PROTOTYPES = YES;
				CLANG_WARN_SUSPICIOUS_MOVE = YES;
				CLANG_WARN_UNGUARDED_AVAILABILITY = YES_AGGRESSIVE;
				CLANG_WARN_UNREACHABLE_CODE = YES;
				CLANG_WARN__DUPLICATE_METHOD_MATCH = YES;
				COPY_PHASE_STRIP = NO;
				DEBUG_INFORMATION_FORMAT = "dwarf-with-dsym";
				ENABLE_NS_ASSERTIONS = NO;
				ENABLE_STRICT_OBJC_MSGSEND = YES;
				GCC_C_LANGUAGE_STANDARD = gnu11;
				GCC_NO_COMMON_BLOCKS = YES;
				GCC_WARN_64_TO_32_BIT_CONVERSION = YES;
				GCC_WARN_ABOUT_RETURN_TYPE = YES_ERROR;
				GCC_WARN_UNDECLARED_SELECTOR = YES;
				GCC_WARN_UNINITIALIZED_AUTOS = YES_AGGRESSIVE;
				GCC_WARN_UNUSED_FUNCTION = YES;
				GCC_WARN_UNUSED_VARIABLE = YES;
				IPHONEOS_DEPLOYMENT_TARGET = 16.4;
				MTL_ENABLE_DEBUG_INFO = NO;
				MTL_FAST_MATH = YES;
				SDKROOT = iphoneos;
				SWIFT_COMPILATION_MODE = wholemodule;
				SWIFT_OPTIMIZATION_LEVEL = "-O";
				VALIDATE_PRODUCT = YES;
			};
			name = Release;
		};
		01AA9A212AA05B1400FB8355 /* Debug */ = {
			isa = XCBuildConfiguration;
			buildSettings = {
				ASSETCATALOG_COMPILER_APPICON_NAME = AppIcon;
				ASSETCATALOG_COMPILER_GLOBAL_ACCENT_COLOR_NAME = AccentColor;
				CODE_SIGN_STYLE = Automatic;
				CURRENT_PROJECT_VERSION = 1;
				DEVELOPMENT_TEAM = 7S6PH8TVFD;
				GENERATE_INFOPLIST_FILE = YES;
				INFOPLIST_FILE = ai_closet/Info.plist;
				INFOPLIST_KEY_UIApplicationSupportsIndirectInputEvents = YES;
				INFOPLIST_KEY_UILaunchStoryboardName = LaunchScreen;
				INFOPLIST_KEY_UISupportedInterfaceOrientations_iPad = "UIInterfaceOrientationPortrait UIInterfaceOrientationPortraitUpsideDown UIInterfaceOrientationLandscapeLeft UIInterfaceOrientationLandscapeRight";
				INFOPLIST_KEY_UISupportedInterfaceOrientations_iPhone = "UIInterfaceOrientationPortrait UIInterfaceOrientationLandscapeLeft UIInterfaceOrientationLandscapeRight";
				LD_RUNPATH_SEARCH_PATHS = (
					"$(inherited)",
					"@executable_path/Frameworks",
				);
				MARKETING_VERSION = 1.0;
				PRODUCT_BUNDLE_IDENTIFIER = "com.seokho.ai-closet";
				PRODUCT_NAME = "$(TARGET_NAME)";
				SWIFT_EMIT_LOC_STRINGS = YES;
				SWIFT_VERSION = 5.0;
				TARGETED_DEVICE_FAMILY = "1,2";
			};
			name = Debug;
		};
		01AA9A222AA05B1400FB8355 /* Release */ = {
			isa = XCBuildConfiguration;
			buildSettings = {
				ASSETCATALOG_COMPILER_APPICON_NAME = AppIcon;
				ASSETCATALOG_COMPILER_GLOBAL_ACCENT_COLOR_NAME = AccentColor;
				CODE_SIGN_STYLE = Automatic;
				CURRENT_PROJECT_VERSION = 1;
				DEVELOPMENT_TEAM = 7S6PH8TVFD;
				GENERATE_INFOPLIST_FILE = YES;
				INFOPLIST_FILE = ai_closet/Info.plist;
				INFOPLIST_KEY_UIApplicationSupportsIndirectInputEvents = YES;
				INFOPLIST_KEY_UILaunchStoryboardName = LaunchScreen;
				INFOPLIST_KEY_UISupportedInterfaceOrientations_iPad = "UIInterfaceOrientationPortrait UIInterfaceOrientationPortraitUpsideDown UIInterfaceOrientationLandscapeLeft UIInterfaceOrientationLandscapeRight";
				INFOPLIST_KEY_UISupportedInterfaceOrientations_iPhone = "UIInterfaceOrientationPortrait UIInterfaceOrientationLandscapeLeft UIInterfaceOrientationLandscapeRight";
				LD_RUNPATH_SEARCH_PATHS = (
					"$(inherited)",
					"@executable_path/Frameworks",
				);
				MARKETING_VERSION = 1.0;
				PRODUCT_BUNDLE_IDENTIFIER = "com.seokho.ai-closet";
				PRODUCT_NAME = "$(TARGET_NAME)";
				SWIFT_EMIT_LOC_STRINGS = YES;
				SWIFT_VERSION = 5.0;
				TARGETED_DEVICE_FAMILY = "1,2";
			};
			name = Release;
		};
/* End XCBuildConfiguration section */

/* Begin XCConfigurationList section */
		01AA9A072AA05B1200FB8355 /* Build configuration list for PBXProject "ai_closet" */ = {
			isa = XCConfigurationList;
			buildConfigurations = (
				01AA9A1E2AA05B1400FB8355 /* Debug */,
				01AA9A1F2AA05B1400FB8355 /* Release */,
			);
			defaultConfigurationIsVisible = 0;
			defaultConfigurationName = Release;
		};
		01AA9A202AA05B1400FB8355 /* Build configuration list for PBXNativeTarget "ai_closet" */ = {
			isa = XCConfigurationList;
			buildConfigurations = (
				01AA9A212AA05B1400FB8355 /* Debug */,
				01AA9A222AA05B1400FB8355 /* Release */,
			);
			defaultConfigurationIsVisible = 0;
			defaultConfigurationName = Release;
		};
/* End XCConfigurationList section */

/* Begin XCRemoteSwiftPackageReference section */
		019FCA662AB879F9000239E5 /* XCRemoteSwiftPackageReference "Alamofire" */ = {
			isa = XCRemoteSwiftPackageReference;
			repositoryURL = "https://github.com/Alamofire/Alamofire";
			requirement = {
				kind = upToNextMajorVersion;
				minimumVersion = 5.0.0;
			};
		};
		01AA9A2A2AA062C400FB8355 /* XCRemoteSwiftPackageReference "SnapKit" */ = {
			isa = XCRemoteSwiftPackageReference;
			repositoryURL = "https://github.com/SnapKit/SnapKit";
			requirement = {
				kind = upToNextMajorVersion;
				minimumVersion = 5.0.0;
			};
		};
/* End XCRemoteSwiftPackageReference section */

/* Begin XCSwiftPackageProductDependency section */
		019FCA672AB879F9000239E5 /* Alamofire */ = {
			isa = XCSwiftPackageProductDependency;
			package = 019FCA662AB879F9000239E5 /* XCRemoteSwiftPackageReference "Alamofire" */;
			productName = Alamofire;
		};
		01AA9A2B2AA062C400FB8355 /* SnapKit */ = {
			isa = XCSwiftPackageProductDependency;
			package = 01AA9A2A2AA062C400FB8355 /* XCRemoteSwiftPackageReference "SnapKit" */;
			productName = SnapKit;
		};
/* End XCSwiftPackageProductDependency section */
	};
	rootObject = 01AA9A042AA05B1200FB8355 /* Project object */;
}
